
Microsoft Visual Studio Solution File, Format Version 12.00
# Visual Studio Version 17
VisualStudioVersion = 17.12.35309.182
MinimumVisualStudioVersion = 10.0.40219.1
Project("{FAE04EC0-301F-11D3-BF4B-00C04F79EFBC}") = "ForLoop", "ForLoop\ForLoop.csproj", "{9A972899-6C3B-4200-863D-F17AD48BFDDB}"
EndProject
Project("{FAE04EC0-301F-11D3-BF4B-00C04F79EFBC}") = "_02ForLoop", "_02ForLoop\_02ForLoop.csproj", "{D7BE7D9F-182A-494F-B47C-A70ED5B9AA92}"
EndProject
Project("{FAE04EC0-301F-11D3-BF4B-00C04F79EFBC}") = "_03ForLoop", "_03ForLoop\_03ForLoop.csproj", "{99D4C601-D224-47B9-A046-8583C66DD8A8}"
EndProject
Project("{FAE04EC0-301F-11D3-BF4B-00C04F79EFBC}") = "_04ForLoop", "_04ForLoop\_04ForLoop.csproj", "{9C0BE60C-DF97-4A89-BB75-050BE8540C99}"
EndProject
Project("{FAE04EC0-301F-11D3-BF4B-00C04F79EFBC}") = "_05ForLoop", "_05ForLoop\_05ForLoop.csproj", "{265E93EC-2F48-46F4-B8BE-063C92CABB42}"
EndProject
Global
	GlobalSection(SolutionConfigurationPlatforms) = preSolution
		Debug|Any CPU = Debug|Any CPU
		Release|Any CPU = Release|Any CPU
	EndGlobalSection
	GlobalSection(ProjectConfigurationPlatforms) = postSolution
		{9A972899-6C3B-4200-863D-F17AD48BFDDB}.Debug|Any CPU.ActiveCfg = Debug|Any CPU
		{9A972899-6C3B-4200-863D-F17AD48BFDDB}.Debug|Any CPU.Build.0 = Debug|Any CPU
		{9A972899-6C3B-4200-863D-F17AD48BFDDB}.Release|Any CPU.ActiveCfg = Release|Any CPU
		{9A972899-6C3B-4200-863D-F17AD48BFDDB}.Release|Any CPU.Build.0 = Release|Any CPU
		{D7BE7D9F-182A-494F-B47C-A70ED5B9AA92}.Debug|Any CPU.ActiveCfg = Debug|Any CPU
		{D7BE7D9F-182A-494F-B47C-A70ED5B9AA92}.Debug|Any CPU.Build.0 = Debug|Any CPU
		{D7BE7D9F-182A-494F-B47C-A70ED5B9AA92}.Release|Any CPU.ActiveCfg = Release|Any CPU
		{D7BE7D9F-182A-494F-B47C-A70ED5B9AA92}.Release|Any CPU.Build.0 = Release|Any CPU
		{99D4C601-D224-47B9-A046-8583C66DD8A8}.Debug|Any CPU.ActiveCfg = Debug|Any CPU
		{99D4C601-D224-47B9-A046-8583C66DD8A8}.Debug|Any CPU.Build.0 = Debug|Any CPU
		{99D4C601-D224-47B9-A046-8583C66DD8A8}.Release|Any CPU.ActiveCfg = Release|Any CPU
		{99D4C601-D224-47B9-A046-8583C66DD8A8}.Release|Any CPU.Build.0 = Release|Any CPU
		{9C0BE60C-DF97-4A89-BB75-050BE8540C99}.Debug|Any CPU.ActiveCfg = Debug|Any CPU
		{9C0BE60C-DF97-4A89-BB75-050BE8540C99}.Debug|Any CPU.Build.0 = Debug|Any CPU
		{9C0BE60C-DF97-4A89-BB75-050BE8540C99}.Release|Any CPU.ActiveCfg = Release|Any CPU
		{9C0BE60C-DF97-4A89-BB75-050BE8540C99}.Release|Any CPU.Build.0 = Release|Any CPU
		{265E93EC-2F48-46F4-B8BE-063C92CABB42}.Debug|Any CPU.ActiveCfg = Debug|Any CPU
		{265E93EC-2F48-46F4-B8BE-063C92CABB42}.Debug|Any CPU.Build.0 = Debug|Any CPU
		{265E93EC-2F48-46F4-B8BE-063C92CABB42}.Release|Any CPU.ActiveCfg = Release|Any CPU
		{265E93EC-2F48-46F4-B8BE-063C92CABB42}.Release|Any CPU.Build.0 = Release|Any CPU
	EndGlobalSection
	GlobalSection(SolutionProperties) = preSolution
		HideSolutionNode = FALSE
	EndGlobalSection
	GlobalSection(ExtensibilityGlobals) = postSolution
		SolutionGuid = {33552342-E8E0-4860-B5DA-5985557E54F2}
	EndGlobalSection
EndGlobal
