
Microsoft Visual Studio Solution File, Format Version 12.00
# Visual Studio Version 17
VisualStudioVersion = 17.12.35309.182
MinimumVisualStudioVersion = 10.0.40219.1
Project("{FAE04EC0-301F-11D3-BF4B-00C04F79EFBC}") = "WhileAndDoWhile", "WhileAndDoWhile\WhileAndDoWhile.csproj", "{6F3DAEDA-55D7-492F-A0EB-62D75FB47D31}"
EndProject
Project("{FAE04EC0-301F-11D3-BF4B-00C04F79EFBC}") = "_02WhileAndDoWhile", "_02WhileAndDoWhile\_02WhileAndDoWhile.csproj", "{EE4C8E93-3846-404E-BAC3-6E4B851F9E49}"
EndProject
Project("{FAE04EC0-301F-11D3-BF4B-00C04F79EFBC}") = "MyComment", "MyComment\MyComment.csproj", "{12103C22-A4EA-4EF5-8930-A7FF41A91F9F}"
EndProject
Global
	GlobalSection(SolutionConfigurationPlatforms) = preSolution
		Debug|Any CPU = Debug|Any CPU
		Release|Any CPU = Release|Any CPU
	EndGlobalSection
	GlobalSection(ProjectConfigurationPlatforms) = postSolution
		{6F3DAEDA-55D7-492F-A0EB-62D75FB47D31}.Debug|Any CPU.ActiveCfg = Debug|Any CPU
		{6F3DAEDA-55D7-492F-A0EB-62D75FB47D31}.Debug|Any CPU.Build.0 = Debug|Any CPU
		{6F3DAEDA-55D7-492F-A0EB-62D75FB47D31}.Release|Any CPU.ActiveCfg = Release|Any CPU
		{6F3DAEDA-55D7-492F-A0EB-62D75FB47D31}.Release|Any CPU.Build.0 = Release|Any CPU
		{EE4C8E93-3846-404E-BAC3-6E4B851F9E49}.Debug|Any CPU.ActiveCfg = Debug|Any CPU
		{EE4C8E93-3846-404E-BAC3-6E4B851F9E49}.Debug|Any CPU.Build.0 = Debug|Any CPU
		{EE4C8E93-3846-404E-BAC3-6E4B851F9E49}.Release|Any CPU.ActiveCfg = Release|Any CPU
		{EE4C8E93-3846-404E-BAC3-6E4B851F9E49}.Release|Any CPU.Build.0 = Release|Any CPU
		{12103C22-A4EA-4EF5-8930-A7FF41A91F9F}.Debug|Any CPU.ActiveCfg = Debug|Any CPU
		{12103C22-A4EA-4EF5-8930-A7FF41A91F9F}.Debug|Any CPU.Build.0 = Debug|Any CPU
		{12103C22-A4EA-4EF5-8930-A7FF41A91F9F}.Release|Any CPU.ActiveCfg = Release|Any CPU
		{12103C22-A4EA-4EF5-8930-A7FF41A91F9F}.Release|Any CPU.Build.0 = Release|Any CPU
	EndGlobalSection
	GlobalSection(SolutionProperties) = preSolution
		HideSolutionNode = FALSE
	EndGlobalSection
	GlobalSection(ExtensibilityGlobals) = postSolution
		SolutionGuid = {69B3A6BC-02BB-4ED1-BDD2-A4DB3E29C7C9}
	EndGlobalSection
EndGlobal
